{
  "name": "untitled",
  "version": "1.0.0",
  "lockfileVersion": 3,
  "requires": true,
  "packages": {
    "": {
      "name": "untitled",
      "version": "1.0.0",
      "license": "ISC",
      "dependencies": {
        "collections": "^5.1.13",
        "crc-32": "^1.2.2",
        "hex2dec": "^1.1.2",
        "xxhash-addon": "^2.0.1"
      }
    },
    "node_modules/collections": {
      "version": "5.1.13",
      "resolved": "https://registry.npmjs.org/collections/-/collections-5.1.13.tgz",
      "integrity": "sha512-SCb6Qd+d3Z02corWQ7/mqXiXeeTdHvkP6TeFSYfGYdCFp1WrjSNZ3j6y8Y3T/7osGEe0iOcU2g1d346l99m4Lg==",
      "dependencies": {
        "weak-map": "~1.0.x"
      }
    },
    "node_modules/crc-32": {
      "version": "1.2.2",
      "resolved": "https://registry.npmjs.org/crc-32/-/crc-32-1.2.2.tgz",
      "integrity": "sha512-ROmzCKrTnOwybPcJApAA6WBWij23HVfGVNKqqrZpuyZOHqK2CwHSvpGuyt/UNNvaIjEd8X5IFGp4Mh+Ie1IHJQ==",
      "bin": {
        "crc32": "bin/crc32.njs"
      },
      "engines": {
        "node": ">=0.8"
      }
    },
    "node_modules/hex2dec": {
      "version": "1.1.2",
      "resolved": "https://registry.npmjs.org/hex2dec/-/hex2dec-1.1.2.tgz",
      "integrity": "sha512-Yu+q/XWr2fFQ11tHxPq4p4EiNkb2y+lAacJNhAdRXVfRIcDH6gi7htWFnnlIzvqHMHoWeIsfXlNAjZInpAOJDA=="
    },
    "node_modules/weak-map": {
      "version": "1.0.8",
      "resolved": "https://registry.npmjs.org/weak-map/-/weak-map-1.0.8.tgz",
      "integrity": "sha512-lNR9aAefbGPpHO7AEnY0hCFjz1eTkWCXYvkTRrTHs9qv8zJp+SkVYpzfLIFXQQiG3tVvbNFQgVg2bQS8YGgxyw=="
    },
    "node_modules/xxhash-addon": {
      "version": "2.0.1",
      "resolved": "https://registry.npmjs.org/xxhash-addon/-/xxhash-addon-2.0.1.tgz",
      "integrity": "sha512-Ev/Pu+WS45RKwIHmy5FkRjLmiVwdS2kbuajd4ezZJVM4YJ4tIMp6hr2d2FNMHva0RBEBI+o7Bf//9tzy6QUe+A==",
      "hasInstallScript": true,
      "engines": {
        "node": ">=8.6.0 <9.0.0 || >=10.0.0"
      }
    }
  }
}
